
Microsoft Visual Studio Solution File, Format Version 12.00
# Visual Studio Version 17
VisualStudioVersion = 17.10.35013.160
MinimumVisualStudioVersion = 10.0.40219.1
Project("{9A19103F-16F7-4668-BE54-9A1E7A4F7556}") = "iStore", "iStore.csproj", "{A9B91434-6524-4364-8490-6DCF87489782}"
EndProject
Global
	GlobalSection(SolutionConfigurationPlatforms) = preSolution
		Debug|Any CPU = Debug|Any CPU
		Release|Any CPU = Release|Any CPU
	EndGlobalSection
	GlobalSection(ProjectConfigurationPlatforms) = postSolution
		{A9B91434-6524-4364-8490-6DCF87489782}.Debug|Any CPU.ActiveCfg = Debug|Any CPU
		{A9B91434-6524-4364-8490-6DCF87489782}.Debug|Any CPU.Build.0 = Debug|Any CPU
		{A9B91434-6524-4364-8490-6DCF87489782}.Release|Any CPU.ActiveCfg = Release|Any CPU
		{A9B91434-6524-4364-8490-6DCF87489782}.Release|Any CPU.Build.0 = Release|Any CPU
	EndGlobalSection
	GlobalSection(SolutionProperties) = preSolution
		HideSolutionNode = FALSE
	EndGlobalSection
	GlobalSection(ExtensibilityGlobals) = postSolution
		SolutionGuid = {844BBD4D-A330-452C-8F3A-569273D8B404}
	EndGlobalSection
EndGlobal
